
Microsoft Visual Studio Solution File, Format Version 12.00
# Visual Studio Version 18
VisualStudioVersion = 18.0.11205.157 d18.0
MinimumVisualStudioVersion = 10.0.40219.1
Project("{FAE04EC0-301F-11D3-BF4B-00C04F79EFBC}") = "FileManagementSystem", "FileManagementSystem.csproj", "{27104569-CC78-DE72-2620-D5CB5C276F83}"
EndProject
Global
	GlobalSection(SolutionConfigurationPlatforms) = preSolution
		Debug|Any CPU = Debug|Any CPU
		Release|Any CPU = Release|Any CPU
	EndGlobalSection
	GlobalSection(ProjectConfigurationPlatforms) = postSolution
		{27104569-CC78-DE72-2620-D5CB5C276F83}.Debug|Any CPU.ActiveCfg = Debug|Any CPU
		{27104569-CC78-DE72-2620-D5CB5C276F83}.Debug|Any CPU.Build.0 = Debug|Any CPU
		{27104569-CC78-DE72-2620-D5CB5C276F83}.Release|Any CPU.ActiveCfg = Release|Any CPU
		{27104569-CC78-DE72-2620-D5CB5C276F83}.Release|Any CPU.Build.0 = Release|Any CPU
	EndGlobalSection
	GlobalSection(SolutionProperties) = preSolution
		HideSolutionNode = FALSE
	EndGlobalSection
	GlobalSection(ExtensibilityGlobals) = postSolution
		SolutionGuid = {605E4091-31EB-4094-9FEF-E7874E8C3BA9}
	EndGlobalSection
EndGlobal
